<?xml version="1.0" encoding="utf-8"?>
<Project ToolsVersion="4.0" xmlns="http://schemas.microsoft.com/developer/msbuild/2003">
  <ItemGroup>
    <Filter Include="源文件">
      <UniqueIdentifier>{4FC737F1-C7A5-4376-A066-2A32D752A2FF}</UniqueIdentifier>
      <Extensions>cpp;c;cc;cxx;def;odl;idl;hpj;bat;asm;asmx</Extensions>
    </Filter>
    <Filter Include="头文件">
      <UniqueIdentifier>{93995380-89BD-4b04-88EB-625FBE52EBFB}</UniqueIdentifier>
      <Extensions>h;hh;hpp;hxx;hm;inl;inc;xsd</Extensions>
    </Filter>
    <Filter Include="资源文件">
      <UniqueIdentifier>{67DA6AB6-F800-4c08-8B7A-83BB121AAD01}</UniqueIdentifier>
      <Extensions>rc;ico;cur;bmp;dlg;rc2;rct;bin;rgs;gif;jpg;jpeg;jpe;resx;tiff;tif;png;wav;mfcribbon-ms</Extensions>
    </Filter>
  </ItemGroup>
  <ItemGroup>
    <Text Include="ReadMe.txt" />
  </ItemGroup>
  <ItemGroup>
    <ClCompile Include="..\Include\Common\Address.cpp">
      <Filter>源文件</Filter>
    </ClCompile>
    <ClCompile Include="..\Include\Common\common.cpp">
      <Filter>源文件</Filter>
    </ClCompile>
    <ClCompile Include="..\Include\Common\CommonSocket.cpp">
      <Filter>源文件</Filter>
    </ClCompile>
    <ClCompile Include="..\Include\Common\Cond.cpp">
      <Filter>源文件</Filter>
    </ClCompile>
    <ClCompile Include="..\Include\Common\ConnectionPool.cpp">
      <Filter>源文件</Filter>
    </ClCompile>
    <ClCompile Include="..\Include\Common\EventContext.cpp">
      <Filter>源文件</Filter>
    </ClCompile>
    <ClCompile Include="..\Include\Common\Mutex.cpp">
      <Filter>源文件</Filter>
    </ClCompile>
    <ClCompile Include="..\Include\Common\p2cpapi.cpp">
      <Filter>源文件</Filter>
    </ClCompile>
    <ClCompile Include="..\Include\Common\Task.cpp">
      <Filter>源文件</Filter>
    </ClCompile>
    <ClCompile Include="..\Include\Common\TCPListenerSocket.cpp">
      <Filter>源文件</Filter>
    </ClCompile>
    <ClCompile Include="..\Include\Common\TCPSocket.cpp">
      <Filter>源文件</Filter>
    </ClCompile>
    <ClCompile Include="..\Include\Common\TCPTask.cpp">
      <Filter>源文件</Filter>
    </ClCompile>
    <ClCompile Include="..\Include\Common\Thread.cpp">
      <Filter>源文件</Filter>
    </ClCompile>
    <ClCompile Include="..\Include\Common\UDPSocket.cpp">
      <Filter>源文件</Filter>
    </ClCompile>
    <ClCompile Include="..\Include\Common\UDPTask.cpp">
      <Filter>源文件</Filter>
    </ClCompile>
  </ItemGroup>
  <ItemGroup>
    <ClInclude Include="..\Include\Common\Address.h">
      <Filter>头文件</Filter>
    </ClInclude>
    <ClInclude Include="..\Include\Common\common.h">
      <Filter>头文件</Filter>
    </ClInclude>
    <ClInclude Include="..\Include\Common\CommonSocket.h">
      <Filter>头文件</Filter>
    </ClInclude>
    <ClInclude Include="..\Include\Common\Cond.h">
      <Filter>头文件</Filter>
    </ClInclude>
    <ClInclude Include="..\Include\Common\ConnectionPool.h">
      <Filter>头文件</Filter>
    </ClInclude>
    <ClInclude Include="..\Include\Common\EventContext.h">
      <Filter>头文件</Filter>
    </ClInclude>
    <ClInclude Include="..\Include\Common\Mutex.h">
      <Filter>头文件</Filter>
    </ClInclude>
    <ClInclude Include="..\Include\Common\p2cpapi.h">
      <Filter>头文件</Filter>
    </ClInclude>
    <ClInclude Include="..\Include\Common\Task.h">
      <Filter>头文件</Filter>
    </ClInclude>
    <ClInclude Include="..\Include\Common\TCPListenerSocket.h">
      <Filter>头文件</Filter>
    </ClInclude>
    <ClInclude Include="..\Include\Common\TCPSocket.h">
      <Filter>头文件</Filter>
    </ClInclude>
    <ClInclude Include="..\Include\Common\TCPTask.h">
      <Filter>头文件</Filter>
    </ClInclude>
    <ClInclude Include="..\Include\Common\Thread.h">
      <Filter>头文件</Filter>
    </ClInclude>
    <ClInclude Include="..\Include\Common\UDPSocket.h">
      <Filter>头文件</Filter>
    </ClInclude>
    <ClInclude Include="..\Include\Common\UDPTask.h">
      <Filter>头文件</Filter>
    </ClInclude>
    <ClInclude Include="..\Include\Common\uthash.h">
      <Filter>头文件</Filter>
    </ClInclude>
  </ItemGroup>
</Project>