
Microsoft Visual Studio Solution File, Format Version 12.00
# Visual Studio 14
VisualStudioVersion = 14.0.25420.1
MinimumVisualStudioVersion = 10.0.40219.1
Project("{8BC9CEB8-8B4A-11D0-8D11-00A0C91BC942}") = "P2ChatServer", "P2ChatServer\P2ChatServer.vcxproj", "{C38AEB7F-D50A-42E4-A011-2B54BD7364FB}"
EndProject
Project("{8BC9CEB8-8B4A-11D0-8D11-00A0C91BC942}") = "CommonLib", "CommonLib\CommonLib.vcxproj", "{389F1D3D-0BDD-447C-A28A-F6D1E5417F4A}"
EndProject
Project("{8BC9CEB8-8B4A-11D0-8D11-00A0C91BC942}") = "P2ChatClient", "P2ChatClient\P2ChatClient.vcxproj", "{24B1A99A-3A71-40F1-81F8-070C48E04D76}"
EndProject
Project("{8BC9CEB8-8B4A-11D0-8D11-00A0C91BC942}") = "P2Test", "P2Test\P2Test.vcxproj", "{B12702AD-ABFB-343A-A199-8E24837244A3}"
EndProject
Global
	GlobalSection(SolutionConfigurationPlatforms) = preSolution
		Debug|x64 = Debug|x64
		Debug|x86 = Debug|x86
		Release|x64 = Release|x64
		Release|x86 = Release|x86
	EndGlobalSection
	GlobalSection(ProjectConfigurationPlatforms) = postSolution
		{C38AEB7F-D50A-42E4-A011-2B54BD7364FB}.Debug|x64.ActiveCfg = Debug|x64
		{C38AEB7F-D50A-42E4-A011-2B54BD7364FB}.Debug|x64.Build.0 = Debug|x64
		{C38AEB7F-D50A-42E4-A011-2B54BD7364FB}.Debug|x86.ActiveCfg = Debug|Win32
		{C38AEB7F-D50A-42E4-A011-2B54BD7364FB}.Debug|x86.Build.0 = Debug|Win32
		{C38AEB7F-D50A-42E4-A011-2B54BD7364FB}.Release|x64.ActiveCfg = Release|x64
		{C38AEB7F-D50A-42E4-A011-2B54BD7364FB}.Release|x64.Build.0 = Release|x64
		{C38AEB7F-D50A-42E4-A011-2B54BD7364FB}.Release|x86.ActiveCfg = Release|Win32
		{C38AEB7F-D50A-42E4-A011-2B54BD7364FB}.Release|x86.Build.0 = Release|Win32
		{389F1D3D-0BDD-447C-A28A-F6D1E5417F4A}.Debug|x64.ActiveCfg = Debug|x64
		{389F1D3D-0BDD-447C-A28A-F6D1E5417F4A}.Debug|x64.Build.0 = Debug|x64
		{389F1D3D-0BDD-447C-A28A-F6D1E5417F4A}.Debug|x86.ActiveCfg = Debug|Win32
		{389F1D3D-0BDD-447C-A28A-F6D1E5417F4A}.Debug|x86.Build.0 = Debug|Win32
		{389F1D3D-0BDD-447C-A28A-F6D1E5417F4A}.Release|x64.ActiveCfg = Release|x64
		{389F1D3D-0BDD-447C-A28A-F6D1E5417F4A}.Release|x64.Build.0 = Release|x64
		{389F1D3D-0BDD-447C-A28A-F6D1E5417F4A}.Release|x86.ActiveCfg = Release|Win32
		{389F1D3D-0BDD-447C-A28A-F6D1E5417F4A}.Release|x86.Build.0 = Release|Win32
		{24B1A99A-3A71-40F1-81F8-070C48E04D76}.Debug|x64.ActiveCfg = Debug|Win32
		{24B1A99A-3A71-40F1-81F8-070C48E04D76}.Debug|x86.ActiveCfg = Debug|Win32
		{24B1A99A-3A71-40F1-81F8-070C48E04D76}.Debug|x86.Build.0 = Debug|Win32
		{24B1A99A-3A71-40F1-81F8-070C48E04D76}.Release|x64.ActiveCfg = Release|Win32
		{24B1A99A-3A71-40F1-81F8-070C48E04D76}.Release|x86.ActiveCfg = Release|Win32
		{24B1A99A-3A71-40F1-81F8-070C48E04D76}.Release|x86.Build.0 = Release|Win32
		{B12702AD-ABFB-343A-A199-8E24837244A3}.Debug|x64.ActiveCfg = Debug|x64
		{B12702AD-ABFB-343A-A199-8E24837244A3}.Debug|x64.Build.0 = Debug|x64
		{B12702AD-ABFB-343A-A199-8E24837244A3}.Debug|x86.ActiveCfg = Debug|Win32
		{B12702AD-ABFB-343A-A199-8E24837244A3}.Debug|x86.Build.0 = Debug|Win32
		{B12702AD-ABFB-343A-A199-8E24837244A3}.Release|x64.ActiveCfg = Release|x64
		{B12702AD-ABFB-343A-A199-8E24837244A3}.Release|x64.Build.0 = Release|x64
		{B12702AD-ABFB-343A-A199-8E24837244A3}.Release|x86.ActiveCfg = Release|Win32
		{B12702AD-ABFB-343A-A199-8E24837244A3}.Release|x86.Build.0 = Release|Win32
	EndGlobalSection
	GlobalSection(SolutionProperties) = preSolution
		HideSolutionNode = FALSE
	EndGlobalSection
	GlobalSection(ExtensibilityGlobals) = postSolution
		Qt5Version = 5.8.0(x86)
		SolutionGuid = {BAF45082-E8E9-4913-87EA-F0E2A9C76289}
	EndGlobalSection
EndGlobal
